
Microsoft Visual Studio Solution File, Format Version 12.00
# Visual Studio 2015
Project("{FAE04EC0-301F-11D3-BF4B-00C04F79EFBC}") = "Time Mechanics", "Time Mechanics.csproj", "{44B80CE4-2631-198B-0CE4-0AED4A49E429}"
EndProject
Global
	GlobalSection(SolutionConfigurationPlatforms) = preSolution
		Debug|Any CPU = Debug|Any CPU
		Release|Any CPU = Release|Any CPU
	EndGlobalSection
	GlobalSection(ProjectConfigurationPlatforms) = postSolution
		{44B80CE4-2631-198B-0CE4-0AED4A49E429}.Debug|Any CPU.ActiveCfg = Debug|Any CPU
		{44B80CE4-2631-198B-0CE4-0AED4A49E429}.Debug|Any CPU.Build.0 = Debug|Any CPU
		{44B80CE4-2631-198B-0CE4-0AED4A49E429}.Release|Any CPU.ActiveCfg = Release|Any CPU
		{44B80CE4-2631-198B-0CE4-0AED4A49E429}.Release|Any CPU.Build.0 = Release|Any CPU
	EndGlobalSection
	GlobalSection(SolutionProperties) = preSolution
		HideSolutionNode = FALSE
	EndGlobalSection
EndGlobal
